
Microsoft Visual Studio Solution File, Format Version 12.00
# Visual Studio Version 16
VisualStudioVersion = 16.0.30002.166
MinimumVisualStudioVersion = 10.0.40219.1
Project("{9A19103F-16F7-4668-BE54-9A1E7A4F7556}") = "SumTask", "ConsoleApp1\SumTask.csproj", "{CC9D88C9-1ABB-4779-89C8-137BF88CCC58}"
EndProject
Project("{FAE04EC0-301F-11D3-BF4B-00C04F79EFBC}") = "GameTask", "GameTask\GameTask.csproj", "{EA471648-53B5-4954-A987-1037489DECD5}"
EndProject
Global
	GlobalSection(SolutionConfigurationPlatforms) = preSolution
		Debug|Any CPU = Debug|Any CPU
		Release|Any CPU = Release|Any CPU
	EndGlobalSection
	GlobalSection(ProjectConfigurationPlatforms) = postSolution
		{CC9D88C9-1ABB-4779-89C8-137BF88CCC58}.Debug|Any CPU.ActiveCfg = Debug|Any CPU
		{CC9D88C9-1ABB-4779-89C8-137BF88CCC58}.Debug|Any CPU.Build.0 = Debug|Any CPU
		{CC9D88C9-1ABB-4779-89C8-137BF88CCC58}.Release|Any CPU.ActiveCfg = Release|Any CPU
		{CC9D88C9-1ABB-4779-89C8-137BF88CCC58}.Release|Any CPU.Build.0 = Release|Any CPU
		{EA471648-53B5-4954-A987-1037489DECD5}.Debug|Any CPU.ActiveCfg = Debug|Any CPU
		{EA471648-53B5-4954-A987-1037489DECD5}.Debug|Any CPU.Build.0 = Debug|Any CPU
		{EA471648-53B5-4954-A987-1037489DECD5}.Release|Any CPU.ActiveCfg = Release|Any CPU
		{EA471648-53B5-4954-A987-1037489DECD5}.Release|Any CPU.Build.0 = Release|Any CPU
	EndGlobalSection
	GlobalSection(SolutionProperties) = preSolution
		HideSolutionNode = FALSE
	EndGlobalSection
	GlobalSection(ExtensibilityGlobals) = postSolution
		SolutionGuid = {3C81E68F-1C32-4738-B568-D5F1AA494FB2}
	EndGlobalSection
EndGlobal
